{
  "name": "aws-request-signer",
  "version": "1.0.2",
  "lockfileVersion": 1,
  "requires": true,
  "dependencies": {
    "crypto-js": {
      "version": "3.1.9-1",
      "resolved": "https://registry.npmjs.org/crypto-js/-/crypto-js-3.1.9-1.tgz",
      "integrity": "sha1-/aGedh/Ad+Af+/3G6f38WeiAbNg="
    },
    "encode-url-words": {
      "version": "1.0.2",
      "resolved": "https://registry.npmjs.org/encode-url-words/-/encode-url-words-1.0.2.tgz",
      "integrity": "sha512-A3JEOxVYASrqpE1ea25rwfqOYDfzDCi1QdP7327MfvXO109ZfgkreC4y1br9o+V74z94fBsCT5yiQhm4mgXbkA=="
    },
    "lodash": {
      "version": "4.17.19",
      "resolved": "https://registry.npmjs.org/lodash/-/lodash-4.17.19.tgz",
      "integrity": "sha512-JNvd8XER9GQX0v2qJgsaN/mzFCNA5BRe/j8JN9d+tWyGLSodKQHKFicdwNYzWwI3wjRnaKPsGj1XkBjx/F96DQ=="
    }
  }
}
